{
  "name": "merge-game",
  "version": "1.0.0",
  "lockfileVersion": 3,
  "requires": true,
  "packages": {
    "": {
      "name": "merge-game",
      "version": "1.0.0",
      "license": "ISC",
      "dependencies": {
        "phaser": "^3.90.0"
      }
    },
    "node_modules/eventemitter3": {
      "version": "5.0.4",
      "resolved": "https://registry.npmjs.org/eventemitter3/-/eventemitter3-5.0.4.tgz",
      "integrity": "sha512-mlsTRyGaPBjPedk6Bvw+aqbsXDtoAyAzm5MO7JgU+yVRyMQ5O8bD4Kcci7BS85f93veegeCPkL8R4GLClnjLFw==",
      "license": "MIT"
    },
    "node_modules/phaser": {
      "version": "3.90.0",
      "resolved": "https://registry.npmjs.org/phaser/-/phaser-3.90.0.tgz",
      "integrity": "sha512-/cziz/5ZIn02uDkC9RzN8VF9x3Gs3XdFFf9nkiMEQT3p7hQlWuyjy4QWosU802qqno2YSLn2BfqwOKLv/sSVfQ==",
      "license": "MIT",
      "dependencies": {
        "eventemitter3": "^5.0.1"
      }
    }
  }
}
